
Microsoft Visual Studio Solution File, Format Version 12.00
# Visual Studio Version 17
VisualStudioVersion = 17.9.34723.18
MinimumVisualStudioVersion = 10.0.40219.1
Project("{FAE04EC0-301F-11D3-BF4B-00C04F79EFBC}") = "WpfApp1", "WpfApp1\WpfApp1.csproj", "{245493A7-4BDF-411B-8D36-B13172EE1042}"
EndProject
Global
	GlobalSection(SolutionConfigurationPlatforms) = preSolution
		Debug|Any CPU = Debug|Any CPU
		Release|Any CPU = Release|Any CPU
	EndGlobalSection
	GlobalSection(ProjectConfigurationPlatforms) = postSolution
		{245493A7-4BDF-411B-8D36-B13172EE1042}.Debug|Any CPU.ActiveCfg = Debug|Any CPU
		{245493A7-4BDF-411B-8D36-B13172EE1042}.Debug|Any CPU.Build.0 = Debug|Any CPU
		{245493A7-4BDF-411B-8D36-B13172EE1042}.Release|Any CPU.ActiveCfg = Release|Any CPU
		{245493A7-4BDF-411B-8D36-B13172EE1042}.Release|Any CPU.Build.0 = Release|Any CPU
	EndGlobalSection
	GlobalSection(SolutionProperties) = preSolution
		HideSolutionNode = FALSE
	EndGlobalSection
	GlobalSection(ExtensibilityGlobals) = postSolution
		SolutionGuid = {38D36E41-3686-4524-878C-7B11B625EC21}
	EndGlobalSection
EndGlobal
